// !$*UTF8*$!
{
	archiveVersion = 1;
	classes = {
	};
	objectVersion = 46;
	objects = {
/* Begin PBXBuildFile section */
		530C02881FFD0CFA00187B2C /* RCT3DModelIO.m in Sources */ = {isa = PBXBuildFile; fileRef = 530C02871FFD0CFA00187B2C /* RCT3DModelIO.m */; };
		536AB81420050426004223D4 /* ThresholdPanGesture.swift in Sources */ = {isa = PBXBuildFile; fileRef = 538848952004EB180000C28B /* ThresholdPanGesture.swift */; };
		536AB81520050426004223D4 /* ARView.swift in Sources */ = {isa = PBXBuildFile; fileRef = 5388489A2004EB180000C28B /* ARView.swift */; };
		536AB81620050426004223D4 /* ARView+Actions.swift in Sources */ = {isa = PBXBuildFile; fileRef = 538848972004EB180000C28B /* ARView+Actions.swift */; };
		536AB81720050426004223D4 /* ARView+ARSCNViewDelegate.swift in Sources */ = {isa = PBXBuildFile; fileRef = 538848982004EB180000C28B /* ARView+ARSCNViewDelegate.swift */; };
		536AB81820050426004223D4 /* ARView+ObjectSelection.swift in Sources */ = {isa = PBXBuildFile; fileRef = 538848992004EB180000C28B /* ARView+ObjectSelection.swift */; };
		536AB81920050426004223D4 /* VirtualObjectARView.swift in Sources */ = {isa = PBXBuildFile; fileRef = 5388489C2004EB180000C28B /* VirtualObjectARView.swift */; };
		536AB81A20050426004223D4 /* VirtualObjectInteraction.swift in Sources */ = {isa = PBXBuildFile; fileRef = 5388489D2004EB180000C28B /* VirtualObjectInteraction.swift */; };
		538B82D82004EBE100206B2E /* FocusSquare.swift in Sources */ = {isa = PBXBuildFile; fileRef = 538B82D62004EBE100206B2E /* FocusSquare.swift */; };
		538B82D92004EBE100206B2E /* FocusSquareSegment.swift in Sources */ = {isa = PBXBuildFile; fileRef = 538B82D72004EBE100206B2E /* FocusSquareSegment.swift */; };
		538B82DB2004EBE800206B2E /* Utilities.swift in Sources */ = {isa = PBXBuildFile; fileRef = 538B82DA2004EBE800206B2E /* Utilities.swift */; };
		538B82DE2004EBF100206B2E /* VirtualObject.swift in Sources */ = {isa = PBXBuildFile; fileRef = 538B82DC2004EBF100206B2E /* VirtualObject.swift */; };
		538B82DF2004EBF100206B2E /* VirtualObjectLoader.swift in Sources */ = {isa = PBXBuildFile; fileRef = 538B82DD2004EBF100206B2E /* VirtualObjectLoader.swift */; };
		53B59F132003B8B3007669AA /* RCT3DScnModelView.m in Sources */ = {isa = PBXBuildFile; fileRef = 53B59F122003B8B2007669AA /* RCT3DScnModelView.m */; };
		53B59F162003BC21007669AA /* RCT3DARModelViewManager.m in Sources */ = {isa = PBXBuildFile; fileRef = 53B59F152003BC21007669AA /* RCT3DARModelViewManager.m */; };
		53B59F192003BCD4007669AA /* RCT3DARModelView.m in Sources */ = {isa = PBXBuildFile; fileRef = 53B59F172003BCD4007669AA /* RCT3DARModelView.m */; };
		53ED49BE1FFF723D00FB63D6 /* AFHTTPSessionManager.m in Sources */ = {isa = PBXBuildFile; fileRef = 53ED49B21FFF723D00FB63D6 /* AFHTTPSessionManager.m */; };
		53ED49BF1FFF723D00FB63D6 /* AFNetworkReachabilityManager.m in Sources */ = {isa = PBXBuildFile; fileRef = 53ED49B51FFF723D00FB63D6 /* AFNetworkReachabilityManager.m */; };
		53ED49C01FFF723D00FB63D6 /* AFSecurityPolicy.m in Sources */ = {isa = PBXBuildFile; fileRef = 53ED49B71FFF723D00FB63D6 /* AFSecurityPolicy.m */; };
		53ED49C11FFF723D00FB63D6 /* AFURLRequestSerialization.m in Sources */ = {isa = PBXBuildFile; fileRef = 53ED49B91FFF723D00FB63D6 /* AFURLRequestSerialization.m */; };
		53ED49C21FFF723D00FB63D6 /* AFURLResponseSerialization.m in Sources */ = {isa = PBXBuildFile; fileRef = 53ED49BB1FFF723D00FB63D6 /* AFURLResponseSerialization.m */; };
		53ED49C31FFF723D00FB63D6 /* AFURLSessionManager.m in Sources */ = {isa = PBXBuildFile; fileRef = 53ED49BD1FFF723D00FB63D6 /* AFURLSessionManager.m */; };
		B3E7B58A1CC2AC0600A0062D /* RCT3DModelView.m in Sources */ = {isa = PBXBuildFile; fileRef = B3E7B5891CC2AC0600A0062D /* RCT3DModelView.m */; };
		D913528A1EA2F442001C1909 /* RCT3DScnModelViewManager.m in Sources */ = {isa = PBXBuildFile; fileRef = D91352891EA2F442001C1909 /* RCT3DScnModelViewManager.m */; };
		D913528B1EA2F477001C1909 /* RCT3DModelView.h in Sources */ = {isa = PBXBuildFile; fileRef = B3E7B5881CC2AC0600A0062D /* RCT3DModelView.h */; };
		D913528C1EA2F479001C1909 /* RCT3DScnModelViewManager.h in Sources */ = {isa = PBXBuildFile; fileRef = D91352881EA2F442001C1909 /* RCT3DScnModelViewManager.h */; };
/* End PBXBuildFile section */

/* Begin PBXCopyFilesBuildPhase section */
		58B511D91A9E6C8500147676 /* CopyFiles */ = {
			isa = PBXCopyFilesBuildPhase;
			buildActionMask = 2147483647;
			dstPath = "include/$(PRODUCT_NAME)";
			dstSubfolderSpec = 16;
			files = (
			);
			runOnlyForDeploymentPostprocessing = 0;
		};
/* End PBXCopyFilesBuildPhase section */

/* Begin PBXFileReference section */
		134814201AA4EA6300B7C361 /* libRCT3DModel.a */ = {isa = PBXFileReference; explicitFileType = archive.ar; includeInIndex = 0; path = libRCT3DModel.a; sourceTree = BUILT_PRODUCTS_DIR; };
		530C02861FFD0CFA00187B2C /* RCT3DModelIO.h */ = {isa = PBXFileReference; fileEncoding = 4; lastKnownFileType = sourcecode.c.h; path = RCT3DModelIO.h; sourceTree = "<group>"; };
		530C02871FFD0CFA00187B2C /* RCT3DModelIO.m */ = {isa = PBXFileReference; fileEncoding = 4; lastKnownFileType = sourcecode.c.objc; path = RCT3DModelIO.m; sourceTree = "<group>"; };
		538848952004EB180000C28B /* ThresholdPanGesture.swift */ = {isa = PBXFileReference; lastKnownFileType = sourcecode.swift; path = ThresholdPanGesture.swift; sourceTree = "<group>"; };
		538848972004EB180000C28B /* ARView+Actions.swift */ = {isa = PBXFileReference; lastKnownFileType = sourcecode.swift; path = "ARView+Actions.swift"; sourceTree = "<group>"; };
		538848982004EB180000C28B /* ARView+ARSCNViewDelegate.swift */ = {isa = PBXFileReference; lastKnownFileType = sourcecode.swift; path = "ARView+ARSCNViewDelegate.swift"; sourceTree = "<group>"; };
		538848992004EB180000C28B /* ARView+ObjectSelection.swift */ = {isa = PBXFileReference; lastKnownFileType = sourcecode.swift; path = "ARView+ObjectSelection.swift"; sourceTree = "<group>"; };
		5388489A2004EB180000C28B /* ARView.swift */ = {isa = PBXFileReference; lastKnownFileType = sourcecode.swift; path = ARView.swift; sourceTree = "<group>"; };
		5388489C2004EB180000C28B /* VirtualObjectARView.swift */ = {isa = PBXFileReference; lastKnownFileType = sourcecode.swift; path = VirtualObjectARView.swift; sourceTree = "<group>"; };
		5388489D2004EB180000C28B /* VirtualObjectInteraction.swift */ = {isa = PBXFileReference; lastKnownFileType = sourcecode.swift; path = VirtualObjectInteraction.swift; sourceTree = "<group>"; };
		538B82D62004EBE100206B2E /* FocusSquare.swift */ = {isa = PBXFileReference; fileEncoding = 4; lastKnownFileType = sourcecode.swift; path = FocusSquare.swift; sourceTree = "<group>"; };
		538B82D72004EBE100206B2E /* FocusSquareSegment.swift */ = {isa = PBXFileReference; fileEncoding = 4; lastKnownFileType = sourcecode.swift; path = FocusSquareSegment.swift; sourceTree = "<group>"; };
		538B82DA2004EBE800206B2E /* Utilities.swift */ = {isa = PBXFileReference; fileEncoding = 4; lastKnownFileType = sourcecode.swift; path = Utilities.swift; sourceTree = "<group>"; };
		538B82DC2004EBF100206B2E /* VirtualObject.swift */ = {isa = PBXFileReference; fileEncoding = 4; lastKnownFileType = sourcecode.swift; path = VirtualObject.swift; sourceTree = "<group>"; };
		538B82DD2004EBF100206B2E /* VirtualObjectLoader.swift */ = {isa = PBXFileReference; fileEncoding = 4; lastKnownFileType = sourcecode.swift; path = VirtualObjectLoader.swift; sourceTree = "<group>"; };
		538B82E02004EC2600206B2E /* RCT3DModel-Bridging-Header.h */ = {isa = PBXFileReference; lastKnownFileType = sourcecode.c.h; path = "RCT3DModel-Bridging-Header.h"; sourceTree = "<group>"; };
		53B59F112003B8B2007669AA /* RCT3DScnModelView.h */ = {isa = PBXFileReference; fileEncoding = 4; lastKnownFileType = sourcecode.c.h; path = RCT3DScnModelView.h; sourceTree = "<group>"; };
		53B59F122003B8B2007669AA /* RCT3DScnModelView.m */ = {isa = PBXFileReference; fileEncoding = 4; lastKnownFileType = sourcecode.c.objc; path = RCT3DScnModelView.m; sourceTree = "<group>"; };
		53B59F142003BC21007669AA /* RCT3DARModelViewManager.h */ = {isa = PBXFileReference; fileEncoding = 4; lastKnownFileType = sourcecode.c.h; path = RCT3DARModelViewManager.h; sourceTree = "<group>"; };
		53B59F152003BC21007669AA /* RCT3DARModelViewManager.m */ = {isa = PBXFileReference; fileEncoding = 4; lastKnownFileType = sourcecode.c.objc; path = RCT3DARModelViewManager.m; sourceTree = "<group>"; };
		53B59F172003BCD4007669AA /* RCT3DARModelView.m */ = {isa = PBXFileReference; fileEncoding = 4; lastKnownFileType = sourcecode.c.objc; path = RCT3DARModelView.m; sourceTree = "<group>"; };
		53B59F182003BCD4007669AA /* RCT3DARModelView.h */ = {isa = PBXFileReference; fileEncoding = 4; lastKnownFileType = sourcecode.c.h; path = RCT3DARModelView.h; sourceTree = "<group>"; };
		53ED49B11FFF723D00FB63D6 /* AFHTTPSessionManager.h */ = {isa = PBXFileReference; fileEncoding = 4; lastKnownFileType = sourcecode.c.h; path = AFHTTPSessionManager.h; sourceTree = "<group>"; };
		53ED49B21FFF723D00FB63D6 /* AFHTTPSessionManager.m */ = {isa = PBXFileReference; fileEncoding = 4; lastKnownFileType = sourcecode.c.objc; path = AFHTTPSessionManager.m; sourceTree = "<group>"; };
		53ED49B31FFF723D00FB63D6 /* AFNetworking.h */ = {isa = PBXFileReference; fileEncoding = 4; lastKnownFileType = sourcecode.c.h; path = AFNetworking.h; sourceTree = "<group>"; };
		53ED49B41FFF723D00FB63D6 /* AFNetworkReachabilityManager.h */ = {isa = PBXFileReference; fileEncoding = 4; lastKnownFileType = sourcecode.c.h; path = AFNetworkReachabilityManager.h; sourceTree = "<group>"; };
		53ED49B51FFF723D00FB63D6 /* AFNetworkReachabilityManager.m */ = {isa = PBXFileReference; fileEncoding = 4; lastKnownFileType = sourcecode.c.objc; path = AFNetworkReachabilityManager.m; sourceTree = "<group>"; };
		53ED49B61FFF723D00FB63D6 /* AFSecurityPolicy.h */ = {isa = PBXFileReference; fileEncoding = 4; lastKnownFileType = sourcecode.c.h; path = AFSecurityPolicy.h; sourceTree = "<group>"; };
		53ED49B71FFF723D00FB63D6 /* AFSecurityPolicy.m */ = {isa = PBXFileReference; fileEncoding = 4; lastKnownFileType = sourcecode.c.objc; path = AFSecurityPolicy.m; sourceTree = "<group>"; };
		53ED49B81FFF723D00FB63D6 /* AFURLRequestSerialization.h */ = {isa = PBXFileReference; fileEncoding = 4; lastKnownFileType = sourcecode.c.h; path = AFURLRequestSerialization.h; sourceTree = "<group>"; };
		53ED49B91FFF723D00FB63D6 /* AFURLRequestSerialization.m */ = {isa = PBXFileReference; fileEncoding = 4; lastKnownFileType = sourcecode.c.objc; path = AFURLRequestSerialization.m; sourceTree = "<group>"; };
		53ED49BA1FFF723D00FB63D6 /* AFURLResponseSerialization.h */ = {isa = PBXFileReference; fileEncoding = 4; lastKnownFileType = sourcecode.c.h; path = AFURLResponseSerialization.h; sourceTree = "<group>"; };
		53ED49BB1FFF723D00FB63D6 /* AFURLResponseSerialization.m */ = {isa = PBXFileReference; fileEncoding = 4; lastKnownFileType = sourcecode.c.objc; path = AFURLResponseSerialization.m; sourceTree = "<group>"; };
		53ED49BC1FFF723D00FB63D6 /* AFURLSessionManager.h */ = {isa = PBXFileReference; fileEncoding = 4; lastKnownFileType = sourcecode.c.h; path = AFURLSessionManager.h; sourceTree = "<group>"; };
		53ED49BD1FFF723D00FB63D6 /* AFURLSessionManager.m */ = {isa = PBXFileReference; fileEncoding = 4; lastKnownFileType = sourcecode.c.objc; path = AFURLSessionManager.m; sourceTree = "<group>"; };
		B3E7B5881CC2AC0600A0062D /* RCT3DModelView.h */ = {isa = PBXFileReference; fileEncoding = 4; lastKnownFileType = sourcecode.c.h; path = RCT3DModelView.h; sourceTree = "<group>"; };
		B3E7B5891CC2AC0600A0062D /* RCT3DModelView.m */ = {isa = PBXFileReference; fileEncoding = 4; lastKnownFileType = sourcecode.c.objc; path = RCT3DModelView.m; sourceTree = "<group>"; };
		D91352881EA2F442001C1909 /* RCT3DScnModelViewManager.h */ = {isa = PBXFileReference; fileEncoding = 4; lastKnownFileType = sourcecode.c.h; path = RCT3DScnModelViewManager.h; sourceTree = "<group>"; };
		D91352891EA2F442001C1909 /* RCT3DScnModelViewManager.m */ = {isa = PBXFileReference; fileEncoding = 4; lastKnownFileType = sourcecode.c.objc; path = RCT3DScnModelViewManager.m; sourceTree = "<group>"; };
/* End PBXFileReference section */

/* Begin PBXFrameworksBuildPhase section */
		58B511D81A9E6C8500147676 /* Frameworks */ = {
			isa = PBXFrameworksBuildPhase;
			buildActionMask = 2147483647;
			files = (
			);
			runOnlyForDeploymentPostprocessing = 0;
		};
/* End PBXFrameworksBuildPhase section */

/* Begin PBXGroup section */
		134814211AA4EA7D00B7C361 /* Products */ = {
			isa = PBXGroup;
			children = (
				134814201AA4EA6300B7C361 /* libRCT3DModel.a */,
			);
			name = Products;
			sourceTree = "<group>";
		};
		538848882004EB180000C28B /* ARKitInteraction */ = {
			isa = PBXGroup;
			children = (
				5388488F2004EB180000C28B /* Focus Square */,
				538848962004EB180000C28B /* Utilities */,
				5388489B2004EB180000C28B /* Virtual Objects */,
				538848952004EB180000C28B /* ThresholdPanGesture.swift */,
				5388489A2004EB180000C28B /* ARView.swift */,
				538848972004EB180000C28B /* ARView+Actions.swift */,
				538848982004EB180000C28B /* ARView+ARSCNViewDelegate.swift */,
				538848992004EB180000C28B /* ARView+ObjectSelection.swift */,
				5388489C2004EB180000C28B /* VirtualObjectARView.swift */,
				5388489D2004EB180000C28B /* VirtualObjectInteraction.swift */,
				538B82E02004EC2600206B2E /* RCT3DModel-Bridging-Header.h */,
			);
			path = ARKitInteraction;
			sourceTree = "<group>";
		};
		5388488F2004EB180000C28B /* Focus Square */ = {
			isa = PBXGroup;
			children = (
				538B82D62004EBE100206B2E /* FocusSquare.swift */,
				538B82D72004EBE100206B2E /* FocusSquareSegment.swift */,
			);
			path = "Focus Square";
			sourceTree = "<group>";
		};
		538848962004EB180000C28B /* Utilities */ = {
			isa = PBXGroup;
			children = (
				538B82DA2004EBE800206B2E /* Utilities.swift */,
			);
			path = Utilities;
			sourceTree = "<group>";
		};
		5388489B2004EB180000C28B /* Virtual Objects */ = {
			isa = PBXGroup;
			children = (
				538B82DC2004EBF100206B2E /* VirtualObject.swift */,
				538B82DD2004EBF100206B2E /* VirtualObjectLoader.swift */,
			);
			path = "Virtual Objects";
			sourceTree = "<group>";
		};
		53ED49B01FFF723D00FB63D6 /* AFNetworking */ = {
			isa = PBXGroup;
			children = (
				53ED49B11FFF723D00FB63D6 /* AFHTTPSessionManager.h */,
				53ED49B21FFF723D00FB63D6 /* AFHTTPSessionManager.m */,
				53ED49B31FFF723D00FB63D6 /* AFNetworking.h */,
				53ED49B41FFF723D00FB63D6 /* AFNetworkReachabilityManager.h */,
				53ED49B51FFF723D00FB63D6 /* AFNetworkReachabilityManager.m */,
				53ED49B61FFF723D00FB63D6 /* AFSecurityPolicy.h */,
				53ED49B71FFF723D00FB63D6 /* AFSecurityPolicy.m */,
				53ED49B81FFF723D00FB63D6 /* AFURLRequestSerialization.h */,
				53ED49B91FFF723D00FB63D6 /* AFURLRequestSerialization.m */,
				53ED49BA1FFF723D00FB63D6 /* AFURLResponseSerialization.h */,
				53ED49BB1FFF723D00FB63D6 /* AFURLResponseSerialization.m */,
				53ED49BC1FFF723D00FB63D6 /* AFURLSessionManager.h */,
				53ED49BD1FFF723D00FB63D6 /* AFURLSessionManager.m */,
			);
			path = AFNetworking;
			sourceTree = "<group>";
		};
		53ED49C51FFF725B00FB63D6 /* SSZipArchive */ = {
			isa = PBXGroup;
			children = (
				53ED49C61FFF725B00FB63D6 /* Info.plist */,
				53ED49C71FFF725B00FB63D6 /* minizip */,
				53ED49EB1FFF725B00FB63D6 /* SSZipArchive.h */,
				53ED49EC1FFF725B00FB63D6 /* SSZipArchive.m */,
				53ED49ED1FFF725B00FB63D6 /* SSZipCommon.h */,
				53ED49EE1FFF725B00FB63D6 /* ZipArchive.h */,
			);
			path = SSZipArchive;
			sourceTree = "<group>";
		};
		53ED49C71FFF725B00FB63D6 /* minizip */ = {
			isa = PBXGroup;
			children = (
				53ED49C81FFF725B00FB63D6 /* aes */,
				53ED49DD1FFF725B00FB63D6 /* crypt.c */,
				53ED49DE1FFF725B00FB63D6 /* crypt.h */,
				53ED49DF1FFF725B00FB63D6 /* ioapi.c */,
				53ED49E01FFF725B00FB63D6 /* ioapi.h */,
				53ED49E11FFF725B00FB63D6 /* ioapi_buf.c */,
				53ED49E21FFF725B00FB63D6 /* ioapi_buf.h */,
				53ED49E31FFF725B00FB63D6 /* ioapi_mem.c */,
				53ED49E41FFF725B00FB63D6 /* ioapi_mem.h */,
				53ED49E51FFF725B00FB63D6 /* minishared.c */,
				53ED49E61FFF725B00FB63D6 /* minishared.h */,
				53ED49E71FFF725B00FB63D6 /* unzip.c */,
				53ED49E81FFF725B00FB63D6 /* unzip.h */,
				53ED49E91FFF725B00FB63D6 /* zip.c */,
				53ED49EA1FFF725B00FB63D6 /* zip.h */,
			);
			path = minizip;
			sourceTree = "<group>";
		};
		53ED49C81FFF725B00FB63D6 /* aes */ = {
			isa = PBXGroup;
			children = (
				53ED49C91FFF725B00FB63D6 /* aes.h */,
				53ED49CA1FFF725B00FB63D6 /* aes_ni.c */,
				53ED49CB1FFF725B00FB63D6 /* aes_ni.h */,
				53ED49CC1FFF725B00FB63D6 /* aescrypt.c */,
				53ED49CD1FFF725B00FB63D6 /* aeskey.c */,
				53ED49CE1FFF725B00FB63D6 /* aesopt.h */,
				53ED49CF1FFF725B00FB63D6 /* aestab.c */,
				53ED49D01FFF725B00FB63D6 /* aestab.h */,
				53ED49D11FFF725B00FB63D6 /* brg_endian.h */,
				53ED49D21FFF725B00FB63D6 /* brg_types.h */,
				53ED49D31FFF725B00FB63D6 /* fileenc.c */,
				53ED49D41FFF725B00FB63D6 /* fileenc.h */,
				53ED49D51FFF725B00FB63D6 /* hmac.c */,
				53ED49D61FFF725B00FB63D6 /* hmac.h */,
				53ED49D71FFF725B00FB63D6 /* prng.c */,
				53ED49D81FFF725B00FB63D6 /* prng.h */,
				53ED49D91FFF725B00FB63D6 /* pwd2key.c */,
				53ED49DA1FFF725B00FB63D6 /* pwd2key.h */,
				53ED49DB1FFF725B00FB63D6 /* sha1.c */,
				53ED49DC1FFF725B00FB63D6 /* sha1.h */,
			);
			path = aes;
			sourceTree = "<group>";
		};
		58B511D21A9E6C8500147676 = {
			isa = PBXGroup;
			children = (
				538848882004EB180000C28B /* ARKitInteraction */,
				53ED49C51FFF725B00FB63D6 /* SSZipArchive */,
				53ED49B01FFF723D00FB63D6 /* AFNetworking */,
				530C02861FFD0CFA00187B2C /* RCT3DModelIO.h */,
				530C02871FFD0CFA00187B2C /* RCT3DModelIO.m */,
				B3E7B5881CC2AC0600A0062D /* RCT3DModelView.h */,
				B3E7B5891CC2AC0600A0062D /* RCT3DModelView.m */,
				53B59F112003B8B2007669AA /* RCT3DScnModelView.h */,
				53B59F122003B8B2007669AA /* RCT3DScnModelView.m */,
				53B59F182003BCD4007669AA /* RCT3DARModelView.h */,
				53B59F172003BCD4007669AA /* RCT3DARModelView.m */,
				D91352881EA2F442001C1909 /* RCT3DScnModelViewManager.h */,
				D91352891EA2F442001C1909 /* RCT3DScnModelViewManager.m */,
				53B59F142003BC21007669AA /* RCT3DARModelViewManager.h */,
				53B59F152003BC21007669AA /* RCT3DARModelViewManager.m */,
				134814211AA4EA7D00B7C361 /* Products */,
			);
			sourceTree = "<group>";
		};
/* End PBXGroup section */

/* Begin PBXNativeTarget section */
		58B511DA1A9E6C8500147676 /* RCT3DModel */ = {
			isa = PBXNativeTarget;
			buildConfigurationList = 58B511EF1A9E6C8500147676 /* Build configuration list for PBXNativeTarget "RCT3DModel" */;
			buildPhases = (
				58B511D71A9E6C8500147676 /* Sources */,
				58B511D81A9E6C8500147676 /* Frameworks */,
				58B511D91A9E6C8500147676 /* CopyFiles */,
			);
			buildRules = (
			);
			dependencies = (
			);
			name = RCT3DModel;
			productName = RCTDataManager;
			productReference = 134814201AA4EA6300B7C361 /* libRCT3DModel.a */;
			productType = "com.apple.product-type.library.static";
		};
/* End PBXNativeTarget section */

/* Begin PBXProject section */
		58B511D31A9E6C8500147676 /* Project object */ = {
			isa = PBXProject;
			attributes = {
				LastUpgradeCheck = 610;
				ORGANIZATIONNAME = Facebook;
				TargetAttributes = {
					58B511DA1A9E6C8500147676 = {
						CreatedOnToolsVersion = 6.1.1;
						LastSwiftMigration = 920;
					};
				};
			};
			buildConfigurationList = 58B511D61A9E6C8500147676 /* Build configuration list for PBXProject "RCT3DModel" */;
			compatibilityVersion = "Xcode 3.2";
			developmentRegion = English;
			hasScannedForEncodings = 0;
			knownRegions = (
				en,
				Base,
			);
			mainGroup = 58B511D21A9E6C8500147676;
			productRefGroup = 58B511D21A9E6C8500147676;
			projectDirPath = "";
			projectRoot = "";
			targets = (
				58B511DA1A9E6C8500147676 /* RCT3DModel */,
			);
		};
/* End PBXProject section */

/* Begin PBXSourcesBuildPhase section */
		58B511D71A9E6C8500147676 /* Sources */ = {
			isa = PBXSourcesBuildPhase;
			buildActionMask = 2147483647;
			files = (
				536AB81420050426004223D4 /* ThresholdPanGesture.swift in Sources */,
				536AB81520050426004223D4 /* ARView.swift in Sources */,
				536AB81620050426004223D4 /* ARView+Actions.swift in Sources */,
				536AB81720050426004223D4 /* ARView+ARSCNViewDelegate.swift in Sources */,
				536AB81820050426004223D4 /* ARView+ObjectSelection.swift in Sources */,
				536AB81920050426004223D4 /* VirtualObjectARView.swift in Sources */,
				536AB81A20050426004223D4 /* VirtualObjectInteraction.swift in Sources */,
				53ED49F71FFF725B00FB63D6 /* sha1.c in Sources */,
				53ED49F51FFF725B00FB63D6 /* prng.c in Sources */,
				53ED49F31FFF725B00FB63D6 /* fileenc.c in Sources */,
				53B59F132003B8B3007669AA /* RCT3DScnModelView.m in Sources */,
				538B82DF2004EBF100206B2E /* VirtualObjectLoader.swift in Sources */,
				53B59F162003BC21007669AA /* RCT3DARModelViewManager.m in Sources */,
				53ED49C11FFF723D00FB63D6 /* AFURLRequestSerialization.m in Sources */,
				53ED49FD1FFF725B00FB63D6 /* unzip.c in Sources */,
				53ED49F21FFF725B00FB63D6 /* aestab.c in Sources */,
				D913528C1EA2F479001C1909 /* RCT3DScnModelViewManager.h in Sources */,
				538B82D82004EBE100206B2E /* FocusSquare.swift in Sources */,
				53ED49F01FFF725B00FB63D6 /* aescrypt.c in Sources */,
				B3E7B58A1CC2AC0600A0062D /* RCT3DModelView.m in Sources */,
				53B59F192003BCD4007669AA /* RCT3DARModelView.m in Sources */,
				53ED49F91FFF725B00FB63D6 /* ioapi.c in Sources */,
				D913528A1EA2F442001C1909 /* RCT3DScnModelViewManager.m in Sources */,
				53ED49EF1FFF725B00FB63D6 /* aes_ni.c in Sources */,
				53ED49FE1FFF725B00FB63D6 /* zip.c in Sources */,
				53ED49C31FFF723D00FB63D6 /* AFURLSessionManager.m in Sources */,
				53ED49FB1FFF725B00FB63D6 /* ioapi_mem.c in Sources */,
				53ED49F11FFF725B00FB63D6 /* aeskey.c in Sources */,
				53ED49FA1FFF725B00FB63D6 /* ioapi_buf.c in Sources */,
				538B82DB2004EBE800206B2E /* Utilities.swift in Sources */,
				53ED49C21FFF723D00FB63D6 /* AFURLResponseSerialization.m in Sources */,
				53ED49BF1FFF723D00FB63D6 /* AFNetworkReachabilityManager.m in Sources */,
				53ED49C01FFF723D00FB63D6 /* AFSecurityPolicy.m in Sources */,
				53ED49BE1FFF723D00FB63D6 /* AFHTTPSessionManager.m in Sources */,
				53ED49FC1FFF725B00FB63D6 /* minishared.c in Sources */,
				53ED49F61FFF725B00FB63D6 /* pwd2key.c in Sources */,
				538B82D92004EBE100206B2E /* FocusSquareSegment.swift in Sources */,
				D913528B1EA2F477001C1909 /* RCT3DModelView.h in Sources */,
				538B82DE2004EBF100206B2E /* VirtualObject.swift in Sources */,
				53ED49F81FFF725B00FB63D6 /* crypt.c in Sources */,
				53ED49F41FFF725B00FB63D6 /* hmac.c in Sources */,
				530C02881FFD0CFA00187B2C /* RCT3DModelIO.m in Sources */,
			);
			runOnlyForDeploymentPostprocessing = 0;
		};
/* End PBXSourcesBuildPhase section */

/* Begin XCBuildConfiguration section */
		58B511ED1A9E6C8500147676 /* Debug */ = {
			isa = XCBuildConfiguration;
			buildSettings = {
				ALWAYS_EMBED_SWIFT_STANDARD_LIBRARIES = YES;
				ALWAYS_SEARCH_USER_PATHS = NO;
				CLANG_CXX_LANGUAGE_STANDARD = "gnu++0x";
				CLANG_CXX_LIBRARY = "libc++";
				CLANG_ENABLE_MODULES = YES;
				CLANG_ENABLE_OBJC_ARC = YES;
				CLANG_WARN_BOOL_CONVERSION = YES;
				CLANG_WARN_CONSTANT_CONVERSION = YES;
				CLANG_WARN_DIRECT_OBJC_ISA_USAGE = YES_ERROR;
				CLANG_WARN_EMPTY_BODY = YES;
				CLANG_WARN_ENUM_CONVERSION = YES;
				CLANG_WARN_INT_CONVERSION = YES;
				CLANG_WARN_OBJC_ROOT_CLASS = YES_ERROR;
				CLANG_WARN_UNREACHABLE_CODE = YES;
				CLANG_WARN__DUPLICATE_METHOD_MATCH = YES;
				COPY_PHASE_STRIP = NO;
				ENABLE_STRICT_OBJC_MSGSEND = YES;
				GCC_C_LANGUAGE_STANDARD = gnu99;
				GCC_DYNAMIC_NO_PIC = NO;
				GCC_OPTIMIZATION_LEVEL = 0;
				GCC_PREPROCESSOR_DEFINITIONS = (
					"DEBUG=1",
					"$(inherited)",
				);
				GCC_SYMBOLS_PRIVATE_EXTERN = NO;
				GCC_WARN_64_TO_32_BIT_CONVERSION = YES;
				GCC_WARN_ABOUT_RETURN_TYPE = YES_ERROR;
				GCC_WARN_UNDECLARED_SELECTOR = YES;
				GCC_WARN_UNINITIALIZED_AUTOS = YES_AGGRESSIVE;
				GCC_WARN_UNUSED_FUNCTION = YES;
				GCC_WARN_UNUSED_VARIABLE = YES;
				IPHONEOS_DEPLOYMENT_TARGET = 9.0;
				MTL_ENABLE_DEBUG_INFO = YES;
				ONLY_ACTIVE_ARCH = YES;
				SDKROOT = iphoneos;
			};
			name = Debug;
		};
		58B511EE1A9E6C8500147676 /* Release */ = {
			isa = XCBuildConfiguration;
			buildSettings = {
				ALWAYS_EMBED_SWIFT_STANDARD_LIBRARIES = YES;
				ALWAYS_SEARCH_USER_PATHS = NO;
				CLANG_CXX_LANGUAGE_STANDARD = "gnu++0x";
				CLANG_CXX_LIBRARY = "libc++";
				CLANG_ENABLE_MODULES = YES;
				CLANG_ENABLE_OBJC_ARC = YES;
				CLANG_WARN_BOOL_CONVERSION = YES;
				CLANG_WARN_CONSTANT_CONVERSION = YES;
				CLANG_WARN_DIRECT_OBJC_ISA_USAGE = YES_ERROR;
				CLANG_WARN_EMPTY_BODY = YES;
				CLANG_WARN_ENUM_CONVERSION = YES;
				CLANG_WARN_INT_CONVERSION = YES;
				CLANG_WARN_OBJC_ROOT_CLASS = YES_ERROR;
				CLANG_WARN_UNREACHABLE_CODE = YES;
				CLANG_WARN__DUPLICATE_METHOD_MATCH = YES;
				COPY_PHASE_STRIP = YES;
				ENABLE_NS_ASSERTIONS = NO;
				ENABLE_STRICT_OBJC_MSGSEND = YES;
				GCC_C_LANGUAGE_STANDARD = gnu99;
				GCC_WARN_64_TO_32_BIT_CONVERSION = YES;
				GCC_WARN_ABOUT_RETURN_TYPE = YES_ERROR;
				GCC_WARN_UNDECLARED_SELECTOR = YES;
				GCC_WARN_UNINITIALIZED_AUTOS = YES_AGGRESSIVE;
				GCC_WARN_UNUSED_FUNCTION = YES;
				GCC_WARN_UNUSED_VARIABLE = YES;
				IPHONEOS_DEPLOYMENT_TARGET = 9.0;
				MTL_ENABLE_DEBUG_INFO = NO;
				SDKROOT = iphoneos;
				VALIDATE_PRODUCT = YES;
			};
			name = Release;
		};
		58B511F01A9E6C8500147676 /* Debug */ = {
			isa = XCBuildConfiguration;
			buildSettings = {
				ALWAYS_EMBED_SWIFT_STANDARD_LIBRARIES = YES;
				CLANG_ENABLE_MODULES = YES;
				HEADER_SEARCH_PATHS = (
					"$(inherited)",
					/Applications/Xcode.app/Contents/Developer/Toolchains/XcodeDefault.xctoolchain/usr/include,
					"$(SRCROOT)/../../../React/**",
					"$(SRCROOT)/../../react-native/React/**",
					"$(SRCROOT)/../../react-native-code-push/ios/**",
				);
				LD_RUNPATH_SEARCH_PATHS = "$(inherited) @executable_path/Frameworks @loader_path/Frameworks";
				LIBRARY_SEARCH_PATHS = "$(inherited)";
				OTHER_LDFLAGS = "-ObjC";
				PRODUCT_NAME = RCT3DModel;
				SKIP_INSTALL = YES;
				SWIFT_OBJC_BRIDGING_HEADER = "ARKitInteraction/RCT3DModel-Bridging-Header.h";
				SWIFT_OPTIMIZATION_LEVEL = "-Onone";
				SWIFT_VERSION = 3.0;
			};
			name = Debug;
		};
		58B511F11A9E6C8500147676 /* Release */ = {
			isa = XCBuildConfiguration;
			buildSettings = {
				ALWAYS_EMBED_SWIFT_STANDARD_LIBRARIES = YES;
				CLANG_ENABLE_MODULES = YES;
				HEADER_SEARCH_PATHS = (
					"$(inherited)",
					/Applications/Xcode.app/Contents/Developer/Toolchains/XcodeDefault.xctoolchain/usr/include,
					"$(SRCROOT)/../../../React/**",
					"$(SRCROOT)/../../react-native/React/**",
					"$(SRCROOT)/../../react-native-code-push/ios/**",
				);
				LD_RUNPATH_SEARCH_PATHS = "$(inherited) @executable_path/Frameworks @loader_path/Frameworks";
				LIBRARY_SEARCH_PATHS = "$(inherited)";
				OTHER_LDFLAGS = "-ObjC";
				PRODUCT_NAME = RCT3DModel;
				SKIP_INSTALL = YES;
				SWIFT_OBJC_BRIDGING_HEADER = "ARKitInteraction/RCT3DModel-Bridging-Header.h";
				SWIFT_VERSION = 3.0;
			};
			name = Release;
		};
/* End XCBuildConfiguration section */

/* Begin XCConfigurationList section */
		58B511D61A9E6C8500147676 /* Build configuration list for PBXProject "RCT3DModel" */ = {
			isa = XCConfigurationList;
			buildConfigurations = (
				58B511ED1A9E6C8500147676 /* Debug */,
				58B511EE1A9E6C8500147676 /* Release */,
			);
			defaultConfigurationIsVisible = 0;
			defaultConfigurationName = Release;
		};
		58B511EF1A9E6C8500147676 /* Build configuration list for PBXNativeTarget "RCT3DModel" */ = {
			isa = XCConfigurationList;
			buildConfigurations = (
				58B511F01A9E6C8500147676 /* Debug */,
				58B511F11A9E6C8500147676 /* Release */,
			);
			defaultConfigurationIsVisible = 0;
			defaultConfigurationName = Release;
		};
/* End XCConfigurationList section */
	};
	rootObject = 58B511D31A9E6C8500147676 /* Project object */;
}
