// !$*UTF8*$!
{
	archiveVersion = 1;
	classes = {
	};
	objectVersion = 46;
	objects = {

/* Begin PBXBuildFile section */
		530C02881FFD0CFA00187B2C /* RCT3DModelIO.m in Sources */ = {isa = PBXBuildFile; fileRef = 530C02871FFD0CFA00187B2C /* RCT3DModelIO.m */; };
		536AB81420050426004223D4 /* ThresholdPanGesture.swift in Sources */ = {isa = PBXBuildFile; fileRef = 538848952004EB180000C28B /* ThresholdPanGesture.swift */; };
		536AB81520050426004223D4 /* ARView.swift in Sources */ = {isa = PBXBuildFile; fileRef = 5388489A2004EB180000C28B /* ARView.swift */; };
		536AB81620050426004223D4 /* ARView+Actions.swift in Sources */ = {isa = PBXBuildFile; fileRef = 538848972004EB180000C28B /* ARView+Actions.swift */; };
		536AB81720050426004223D4 /* ARView+ARSCNViewDelegate.swift in Sources */ = {isa = PBXBuildFile; fileRef = 538848982004EB180000C28B /* ARView+ARSCNViewDelegate.swift */; };
		536AB81820050426004223D4 /* ARView+ObjectSelection.swift in Sources */ = {isa = PBXBuildFile; fileRef = 538848992004EB180000C28B /* ARView+ObjectSelection.swift */; };
		536AB81920050426004223D4 /* VirtualObjectARView.swift in Sources */ = {isa = PBXBuildFile; fileRef = 5388489C2004EB180000C28B /* VirtualObjectARView.swift */; };
		536AB81A20050426004223D4 /* VirtualObjectInteraction.swift in Sources */ = {isa = PBXBuildFile; fileRef = 5388489D2004EB180000C28B /* VirtualObjectInteraction.swift */; };
		538B82DB2004EBE800206B2E /* Utilities.swift in Sources */ = {isa = PBXBuildFile; fileRef = 538B82DA2004EBE800206B2E /* Utilities.swift */; };
		538B82DE2004EBF100206B2E /* VirtualObject.swift in Sources */ = {isa = PBXBuildFile; fileRef = 538B82DC2004EBF100206B2E /* VirtualObject.swift */; };
		538B82DF2004EBF100206B2E /* VirtualObjectLoader.swift in Sources */ = {isa = PBXBuildFile; fileRef = 538B82DD2004EBF100206B2E /* VirtualObjectLoader.swift */; };
		53B59F132003B8B3007669AA /* RCT3DScnModelView.m in Sources */ = {isa = PBXBuildFile; fileRef = 53B59F122003B8B2007669AA /* RCT3DScnModelView.m */; };
		53B59F162003BC21007669AA /* RCT3DARModelViewManager.m in Sources */ = {isa = PBXBuildFile; fileRef = 53B59F152003BC21007669AA /* RCT3DARModelViewManager.m */; };
		53B59F192003BCD4007669AA /* RCT3DARModelView.m in Sources */ = {isa = PBXBuildFile; fileRef = 53B59F172003BCD4007669AA /* RCT3DARModelView.m */; };
		53E85460203735CC004B5DC0 /* ARView+VirtualObjectInteractionDelegate.swift in Sources */ = {isa = PBXBuildFile; fileRef = 53E8545F203735CC004B5DC0 /* ARView+VirtualObjectInteractionDelegate.swift */; };
		B3E7B58A1CC2AC0600A0062D /* RCT3DModelView.m in Sources */ = {isa = PBXBuildFile; fileRef = B3E7B5891CC2AC0600A0062D /* RCT3DModelView.m */; };
		D913528A1EA2F442001C1909 /* RCT3DScnModelViewManager.m in Sources */ = {isa = PBXBuildFile; fileRef = D91352891EA2F442001C1909 /* RCT3DScnModelViewManager.m */; };
		D913528B1EA2F477001C1909 /* RCT3DModelView.h in Sources */ = {isa = PBXBuildFile; fileRef = B3E7B5881CC2AC0600A0062D /* RCT3DModelView.h */; };
		D913528C1EA2F479001C1909 /* RCT3DScnModelViewManager.h in Sources */ = {isa = PBXBuildFile; fileRef = D91352881EA2F442001C1909 /* RCT3DScnModelViewManager.h */; };
/* End PBXBuildFile section */

/* Begin PBXCopyFilesBuildPhase section */
		58B511D91A9E6C8500147676 /* CopyFiles */ = {
			isa = PBXCopyFilesBuildPhase;
			buildActionMask = 2147483647;
			dstPath = "include/$(PRODUCT_NAME)";
			dstSubfolderSpec = 16;
			files = (
			);
			runOnlyForDeploymentPostprocessing = 0;
		};
/* End PBXCopyFilesBuildPhase section */

/* Begin PBXFileReference section */
		134814201AA4EA6300B7C361 /* libRCT3DModel.a */ = {isa = PBXFileReference; explicitFileType = archive.ar; includeInIndex = 0; path = libRCT3DModel.a; sourceTree = BUILT_PRODUCTS_DIR; };
		530C02861FFD0CFA00187B2C /* RCT3DModelIO.h */ = {isa = PBXFileReference; fileEncoding = 4; lastKnownFileType = sourcecode.c.h; path = RCT3DModelIO.h; sourceTree = "<group>"; };
		530C02871FFD0CFA00187B2C /* RCT3DModelIO.m */ = {isa = PBXFileReference; fileEncoding = 4; lastKnownFileType = sourcecode.c.objc; path = RCT3DModelIO.m; sourceTree = "<group>"; };
		538848952004EB180000C28B /* ThresholdPanGesture.swift */ = {isa = PBXFileReference; lastKnownFileType = sourcecode.swift; path = ThresholdPanGesture.swift; sourceTree = "<group>"; };
		538848972004EB180000C28B /* ARView+Actions.swift */ = {isa = PBXFileReference; lastKnownFileType = sourcecode.swift; path = "ARView+Actions.swift"; sourceTree = "<group>"; };
		538848982004EB180000C28B /* ARView+ARSCNViewDelegate.swift */ = {isa = PBXFileReference; lastKnownFileType = sourcecode.swift; path = "ARView+ARSCNViewDelegate.swift"; sourceTree = "<group>"; };
		538848992004EB180000C28B /* ARView+ObjectSelection.swift */ = {isa = PBXFileReference; lastKnownFileType = sourcecode.swift; path = "ARView+ObjectSelection.swift"; sourceTree = "<group>"; };
		5388489A2004EB180000C28B /* ARView.swift */ = {isa = PBXFileReference; lastKnownFileType = sourcecode.swift; path = ARView.swift; sourceTree = "<group>"; };
		5388489C2004EB180000C28B /* VirtualObjectARView.swift */ = {isa = PBXFileReference; lastKnownFileType = sourcecode.swift; path = VirtualObjectARView.swift; sourceTree = "<group>"; };
		5388489D2004EB180000C28B /* VirtualObjectInteraction.swift */ = {isa = PBXFileReference; lastKnownFileType = sourcecode.swift; path = VirtualObjectInteraction.swift; sourceTree = "<group>"; };
		538B82DA2004EBE800206B2E /* Utilities.swift */ = {isa = PBXFileReference; fileEncoding = 4; lastKnownFileType = sourcecode.swift; path = Utilities.swift; sourceTree = "<group>"; };
		538B82DC2004EBF100206B2E /* VirtualObject.swift */ = {isa = PBXFileReference; fileEncoding = 4; lastKnownFileType = sourcecode.swift; path = VirtualObject.swift; sourceTree = "<group>"; };
		538B82DD2004EBF100206B2E /* VirtualObjectLoader.swift */ = {isa = PBXFileReference; fileEncoding = 4; lastKnownFileType = sourcecode.swift; path = VirtualObjectLoader.swift; sourceTree = "<group>"; };
		538B82E02004EC2600206B2E /* RCT3DModel-Bridging-Header.h */ = {isa = PBXFileReference; lastKnownFileType = sourcecode.c.h; path = "RCT3DModel-Bridging-Header.h"; sourceTree = "<group>"; };
		53B59F112003B8B2007669AA /* RCT3DScnModelView.h */ = {isa = PBXFileReference; fileEncoding = 4; lastKnownFileType = sourcecode.c.h; path = RCT3DScnModelView.h; sourceTree = "<group>"; };
		53B59F122003B8B2007669AA /* RCT3DScnModelView.m */ = {isa = PBXFileReference; fileEncoding = 4; lastKnownFileType = sourcecode.c.objc; path = RCT3DScnModelView.m; sourceTree = "<group>"; };
		53B59F142003BC21007669AA /* RCT3DARModelViewManager.h */ = {isa = PBXFileReference; fileEncoding = 4; lastKnownFileType = sourcecode.c.h; path = RCT3DARModelViewManager.h; sourceTree = "<group>"; };
		53B59F152003BC21007669AA /* RCT3DARModelViewManager.m */ = {isa = PBXFileReference; fileEncoding = 4; lastKnownFileType = sourcecode.c.objc; path = RCT3DARModelViewManager.m; sourceTree = "<group>"; };
		53B59F172003BCD4007669AA /* RCT3DARModelView.m */ = {isa = PBXFileReference; fileEncoding = 4; lastKnownFileType = sourcecode.c.objc; path = RCT3DARModelView.m; sourceTree = "<group>"; };
		53B59F182003BCD4007669AA /* RCT3DARModelView.h */ = {isa = PBXFileReference; fileEncoding = 4; lastKnownFileType = sourcecode.c.h; path = RCT3DARModelView.h; sourceTree = "<group>"; };
		53E8545F203735CC004B5DC0 /* ARView+VirtualObjectInteractionDelegate.swift */ = {isa = PBXFileReference; lastKnownFileType = sourcecode.swift; path = "ARView+VirtualObjectInteractionDelegate.swift"; sourceTree = "<group>"; };
		B3E7B5881CC2AC0600A0062D /* RCT3DModelView.h */ = {isa = PBXFileReference; fileEncoding = 4; lastKnownFileType = sourcecode.c.h; path = RCT3DModelView.h; sourceTree = "<group>"; };
		B3E7B5891CC2AC0600A0062D /* RCT3DModelView.m */ = {isa = PBXFileReference; fileEncoding = 4; lastKnownFileType = sourcecode.c.objc; path = RCT3DModelView.m; sourceTree = "<group>"; };
		D91352881EA2F442001C1909 /* RCT3DScnModelViewManager.h */ = {isa = PBXFileReference; fileEncoding = 4; lastKnownFileType = sourcecode.c.h; path = RCT3DScnModelViewManager.h; sourceTree = "<group>"; };
		D91352891EA2F442001C1909 /* RCT3DScnModelViewManager.m */ = {isa = PBXFileReference; fileEncoding = 4; lastKnownFileType = sourcecode.c.objc; path = RCT3DScnModelViewManager.m; sourceTree = "<group>"; };
/* End PBXFileReference section */

/* Begin PBXFrameworksBuildPhase section */
		58B511D81A9E6C8500147676 /* Frameworks */ = {
			isa = PBXFrameworksBuildPhase;
			buildActionMask = 2147483647;
			files = (
			);
			runOnlyForDeploymentPostprocessing = 0;
		};
/* End PBXFrameworksBuildPhase section */

/* Begin PBXGroup section */
		134814211AA4EA7D00B7C361 /* Products */ = {
			isa = PBXGroup;
			children = (
				134814201AA4EA6300B7C361 /* libRCT3DModel.a */,
			);
			name = Products;
			sourceTree = "<group>";
		};
		538848882004EB180000C28B /* ARKitInteraction */ = {
			isa = PBXGroup;
			children = (
				538848962004EB180000C28B /* Utilities */,
				5388489B2004EB180000C28B /* Virtual Objects */,
				538848952004EB180000C28B /* ThresholdPanGesture.swift */,
				5388489A2004EB180000C28B /* ARView.swift */,
				538848972004EB180000C28B /* ARView+Actions.swift */,
				538848982004EB180000C28B /* ARView+ARSCNViewDelegate.swift */,
				538848992004EB180000C28B /* ARView+ObjectSelection.swift */,
				53E8545F203735CC004B5DC0 /* ARView+VirtualObjectInteractionDelegate.swift */,
				5388489C2004EB180000C28B /* VirtualObjectARView.swift */,
				5388489D2004EB180000C28B /* VirtualObjectInteraction.swift */,
				538B82E02004EC2600206B2E /* RCT3DModel-Bridging-Header.h */,
			);
			path = ARKitInteraction;
			sourceTree = "<group>";
		};
		538848962004EB180000C28B /* Utilities */ = {
			isa = PBXGroup;
			children = (
				538B82DA2004EBE800206B2E /* Utilities.swift */,
			);
			path = Utilities;
			sourceTree = "<group>";
		};
		5388489B2004EB180000C28B /* Virtual Objects */ = {
			isa = PBXGroup;
			children = (
				538B82DC2004EBF100206B2E /* VirtualObject.swift */,
				538B82DD2004EBF100206B2E /* VirtualObjectLoader.swift */,
			);
			path = "Virtual Objects";
			sourceTree = "<group>";
		};
		58B511D21A9E6C8500147676 = {
			isa = PBXGroup;
			children = (
				538848882004EB180000C28B /* ARKitInteraction */,
				530C02861FFD0CFA00187B2C /* RCT3DModelIO.h */,
				530C02871FFD0CFA00187B2C /* RCT3DModelIO.m */,
				B3E7B5881CC2AC0600A0062D /* RCT3DModelView.h */,
				B3E7B5891CC2AC0600A0062D /* RCT3DModelView.m */,
				53B59F112003B8B2007669AA /* RCT3DScnModelView.h */,
				53B59F122003B8B2007669AA /* RCT3DScnModelView.m */,
				53B59F182003BCD4007669AA /* RCT3DARModelView.h */,
				53B59F172003BCD4007669AA /* RCT3DARModelView.m */,
				D91352881EA2F442001C1909 /* RCT3DScnModelViewManager.h */,
				D91352891EA2F442001C1909 /* RCT3DScnModelViewManager.m */,
				53B59F142003BC21007669AA /* RCT3DARModelViewManager.h */,
				53B59F152003BC21007669AA /* RCT3DARModelViewManager.m */,
				134814211AA4EA7D00B7C361 /* Products */,
			);
			sourceTree = "<group>";
		};
/* End PBXGroup section */

/* Begin PBXNativeTarget section */
		58B511DA1A9E6C8500147676 /* RCT3DModel */ = {
			isa = PBXNativeTarget;
			buildConfigurationList = 58B511EF1A9E6C8500147676 /* Build configuration list for PBXNativeTarget "RCT3DModel" */;
			buildPhases = (
				58B511D71A9E6C8500147676 /* Sources */,
				58B511D81A9E6C8500147676 /* Frameworks */,
				58B511D91A9E6C8500147676 /* CopyFiles */,
			);
			buildRules = (
			);
			dependencies = (
			);
			name = RCT3DModel;
			productName = RCTDataManager;
			productReference = 134814201AA4EA6300B7C361 /* libRCT3DModel.a */;
			productType = "com.apple.product-type.library.static";
		};
/* End PBXNativeTarget section */

/* Begin PBXProject section */
		58B511D31A9E6C8500147676 /* Project object */ = {
			isa = PBXProject;
			attributes = {
				LastUpgradeCheck = 1020;
				ORGANIZATIONNAME = Facebook;
				TargetAttributes = {
					58B511DA1A9E6C8500147676 = {
						CreatedOnToolsVersion = 6.1.1;
						LastSwiftMigration = 920;
					};
				};
			};
			buildConfigurationList = 58B511D61A9E6C8500147676 /* Build configuration list for PBXProject "RCT3DModel" */;
			compatibilityVersion = "Xcode 3.2";
			developmentRegion = en;
			hasScannedForEncodings = 0;
			knownRegions = (
				en,
				Base,
			);
			mainGroup = 58B511D21A9E6C8500147676;
			productRefGroup = 58B511D21A9E6C8500147676;
			projectDirPath = "";
			projectRoot = "";
			targets = (
				58B511DA1A9E6C8500147676 /* RCT3DModel */,
			);
		};
/* End PBXProject section */

/* Begin PBXSourcesBuildPhase section */
		58B511D71A9E6C8500147676 /* Sources */ = {
			isa = PBXSourcesBuildPhase;
			buildActionMask = 2147483647;
			files = (
				536AB81420050426004223D4 /* ThresholdPanGesture.swift in Sources */,
				53E85460203735CC004B5DC0 /* ARView+VirtualObjectInteractionDelegate.swift in Sources */,
				536AB81520050426004223D4 /* ARView.swift in Sources */,
				536AB81620050426004223D4 /* ARView+Actions.swift in Sources */,
				536AB81720050426004223D4 /* ARView+ARSCNViewDelegate.swift in Sources */,
				536AB81820050426004223D4 /* ARView+ObjectSelection.swift in Sources */,
				536AB81920050426004223D4 /* VirtualObjectARView.swift in Sources */,
				536AB81A20050426004223D4 /* VirtualObjectInteraction.swift in Sources */,
				53B59F132003B8B3007669AA /* RCT3DScnModelView.m in Sources */,
				538B82DF2004EBF100206B2E /* VirtualObjectLoader.swift in Sources */,
				53B59F162003BC21007669AA /* RCT3DARModelViewManager.m in Sources */,
				D913528C1EA2F479001C1909 /* RCT3DScnModelViewManager.h in Sources */,
				B3E7B58A1CC2AC0600A0062D /* RCT3DModelView.m in Sources */,
				53B59F192003BCD4007669AA /* RCT3DARModelView.m in Sources */,
				D913528A1EA2F442001C1909 /* RCT3DScnModelViewManager.m in Sources */,
				538B82DB2004EBE800206B2E /* Utilities.swift in Sources */,
				D913528B1EA2F477001C1909 /* RCT3DModelView.h in Sources */,
				538B82DE2004EBF100206B2E /* VirtualObject.swift in Sources */,
				530C02881FFD0CFA00187B2C /* RCT3DModelIO.m in Sources */,
			);
			runOnlyForDeploymentPostprocessing = 0;
		};
/* End PBXSourcesBuildPhase section */

/* Begin XCBuildConfiguration section */
		58B511ED1A9E6C8500147676 /* Debug */ = {
			isa = XCBuildConfiguration;
			buildSettings = {
				ALWAYS_EMBED_SWIFT_STANDARD_LIBRARIES = NO;
				ALWAYS_SEARCH_USER_PATHS = NO;
				CLANG_CXX_LANGUAGE_STANDARD = "gnu++0x";
				CLANG_CXX_LIBRARY = "libc++";
				CLANG_ENABLE_MODULES = YES;
				CLANG_ENABLE_OBJC_ARC = YES;
				CLANG_WARN_BLOCK_CAPTURE_AUTORELEASING = YES;
				CLANG_WARN_BOOL_CONVERSION = YES;
				CLANG_WARN_COMMA = YES;
				CLANG_WARN_CONSTANT_CONVERSION = YES;
				CLANG_WARN_DEPRECATED_OBJC_IMPLEMENTATIONS = YES;
				CLANG_WARN_DIRECT_OBJC_ISA_USAGE = YES_ERROR;
				CLANG_WARN_EMPTY_BODY = YES;
				CLANG_WARN_ENUM_CONVERSION = YES;
				CLANG_WARN_INFINITE_RECURSION = YES;
				CLANG_WARN_INT_CONVERSION = YES;
				CLANG_WARN_NON_LITERAL_NULL_CONVERSION = YES;
				CLANG_WARN_OBJC_IMPLICIT_RETAIN_SELF = YES;
				CLANG_WARN_OBJC_LITERAL_CONVERSION = YES;
				CLANG_WARN_OBJC_ROOT_CLASS = YES_ERROR;
				CLANG_WARN_RANGE_LOOP_ANALYSIS = YES;
				CLANG_WARN_STRICT_PROTOTYPES = YES;
				CLANG_WARN_SUSPICIOUS_MOVE = YES;
				CLANG_WARN_UNREACHABLE_CODE = YES;
				CLANG_WARN__DUPLICATE_METHOD_MATCH = YES;
				COPY_PHASE_STRIP = NO;
				ENABLE_STRICT_OBJC_MSGSEND = YES;
				ENABLE_TESTABILITY = YES;
				GCC_C_LANGUAGE_STANDARD = gnu99;
				GCC_DYNAMIC_NO_PIC = NO;
				GCC_NO_COMMON_BLOCKS = YES;
				GCC_OPTIMIZATION_LEVEL = 0;
				GCC_PREPROCESSOR_DEFINITIONS = (
					"DEBUG=1",
					"$(inherited)",
				);
				GCC_SYMBOLS_PRIVATE_EXTERN = NO;
				GCC_WARN_64_TO_32_BIT_CONVERSION = YES;
				GCC_WARN_ABOUT_RETURN_TYPE = YES_ERROR;
				GCC_WARN_UNDECLARED_SELECTOR = YES;
				GCC_WARN_UNINITIALIZED_AUTOS = YES_AGGRESSIVE;
				GCC_WARN_UNUSED_FUNCTION = YES;
				GCC_WARN_UNUSED_VARIABLE = YES;
				IPHONEOS_DEPLOYMENT_TARGET = 9.0;
				MTL_ENABLE_DEBUG_INFO = YES;
				ONLY_ACTIVE_ARCH = YES;
				SDKROOT = iphoneos;
			};
			name = Debug;
		};
		58B511EE1A9E6C8500147676 /* Release */ = {
			isa = XCBuildConfiguration;
			buildSettings = {
				ALWAYS_EMBED_SWIFT_STANDARD_LIBRARIES = NO;
				ALWAYS_SEARCH_USER_PATHS = NO;
				CLANG_CXX_LANGUAGE_STANDARD = "gnu++0x";
				CLANG_CXX_LIBRARY = "libc++";
				CLANG_ENABLE_MODULES = YES;
				CLANG_ENABLE_OBJC_ARC = YES;
				CLANG_WARN_BLOCK_CAPTURE_AUTORELEASING = YES;
				CLANG_WARN_BOOL_CONVERSION = YES;
				CLANG_WARN_COMMA = YES;
				CLANG_WARN_CONSTANT_CONVERSION = YES;
				CLANG_WARN_DEPRECATED_OBJC_IMPLEMENTATIONS = YES;
				CLANG_WARN_DIRECT_OBJC_ISA_USAGE = YES_ERROR;
				CLANG_WARN_EMPTY_BODY = YES;
				CLANG_WARN_ENUM_CONVERSION = YES;
				CLANG_WARN_INFINITE_RECURSION = YES;
				CLANG_WARN_INT_CONVERSION = YES;
				CLANG_WARN_NON_LITERAL_NULL_CONVERSION = YES;
				CLANG_WARN_OBJC_IMPLICIT_RETAIN_SELF = YES;
				CLANG_WARN_OBJC_LITERAL_CONVERSION = YES;
				CLANG_WARN_OBJC_ROOT_CLASS = YES_ERROR;
				CLANG_WARN_RANGE_LOOP_ANALYSIS = YES;
				CLANG_WARN_STRICT_PROTOTYPES = YES;
				CLANG_WARN_SUSPICIOUS_MOVE = YES;
				CLANG_WARN_UNREACHABLE_CODE = YES;
				CLANG_WARN__DUPLICATE_METHOD_MATCH = YES;
				COPY_PHASE_STRIP = YES;
				ENABLE_NS_ASSERTIONS = NO;
				ENABLE_STRICT_OBJC_MSGSEND = YES;
				GCC_C_LANGUAGE_STANDARD = gnu99;
				GCC_NO_COMMON_BLOCKS = YES;
				GCC_WARN_64_TO_32_BIT_CONVERSION = YES;
				GCC_WARN_ABOUT_RETURN_TYPE = YES_ERROR;
				GCC_WARN_UNDECLARED_SELECTOR = YES;
				GCC_WARN_UNINITIALIZED_AUTOS = YES_AGGRESSIVE;
				GCC_WARN_UNUSED_FUNCTION = YES;
				GCC_WARN_UNUSED_VARIABLE = YES;
				IPHONEOS_DEPLOYMENT_TARGET = 9.0;
				MTL_ENABLE_DEBUG_INFO = NO;
				SDKROOT = iphoneos;
				SWIFT_OPTIMIZATION_LEVEL = "-Owholemodule";
				VALIDATE_PRODUCT = YES;
			};
			name = Release;
		};
		58B511F01A9E6C8500147676 /* Debug */ = {
			isa = XCBuildConfiguration;
			buildSettings = {
				CLANG_ENABLE_MODULES = YES;
				HEADER_SEARCH_PATHS = (
					"$(inherited)",
					/Applications/Xcode.app/Contents/Developer/Toolchains/XcodeDefault.xctoolchain/usr/include,
					"$(SRCROOT)/../../../React/**",
					"$(SRCROOT)/../../react-native/React/**",
					"$(SRCROOT)/../../react-native-code-push/ios/**",
				);
				LD_RUNPATH_SEARCH_PATHS = "$(inherited) @executable_path/Frameworks @loader_path/Frameworks";
				LIBRARY_SEARCH_PATHS = "$(inherited)";
				OTHER_LDFLAGS = "-ObjC";
				PRODUCT_NAME = RCT3DModel;
				SKIP_INSTALL = YES;
				SWIFT_OBJC_BRIDGING_HEADER = "ARKitInteraction/RCT3DModel-Bridging-Header.h";
				SWIFT_OPTIMIZATION_LEVEL = "-Onone";
				SWIFT_VERSION = 5.0;
			};
			name = Debug;
		};
		58B511F11A9E6C8500147676 /* Release */ = {
			isa = XCBuildConfiguration;
			buildSettings = {
				CLANG_ENABLE_MODULES = YES;
				HEADER_SEARCH_PATHS = (
					"$(inherited)",
					/Applications/Xcode.app/Contents/Developer/Toolchains/XcodeDefault.xctoolchain/usr/include,
					"$(SRCROOT)/../../../React/**",
					"$(SRCROOT)/../../react-native/React/**",
					"$(SRCROOT)/../../react-native-code-push/ios/**",
				);
				LD_RUNPATH_SEARCH_PATHS = "$(inherited) @executable_path/Frameworks @loader_path/Frameworks";
				LIBRARY_SEARCH_PATHS = "$(inherited)";
				OTHER_LDFLAGS = "-ObjC";
				PRODUCT_NAME = RCT3DModel;
				SKIP_INSTALL = YES;
				SWIFT_OBJC_BRIDGING_HEADER = "ARKitInteraction/RCT3DModel-Bridging-Header.h";
				SWIFT_VERSION = 5.0;
			};
			name = Release;
		};
/* End XCBuildConfiguration section */

/* Begin XCConfigurationList section */
		58B511D61A9E6C8500147676 /* Build configuration list for PBXProject "RCT3DModel" */ = {
			isa = XCConfigurationList;
			buildConfigurations = (
				58B511ED1A9E6C8500147676 /* Debug */,
				58B511EE1A9E6C8500147676 /* Release */,
			);
			defaultConfigurationIsVisible = 0;
			defaultConfigurationName = Release;
		};
		58B511EF1A9E6C8500147676 /* Build configuration list for PBXNativeTarget "RCT3DModel" */ = {
			isa = XCConfigurationList;
			buildConfigurations = (
				58B511F01A9E6C8500147676 /* Debug */,
				58B511F11A9E6C8500147676 /* Release */,
			);
			defaultConfigurationIsVisible = 0;
			defaultConfigurationName = Release;
		};
/* End XCConfigurationList section */
	};
	rootObject = 58B511D31A9E6C8500147676 /* Project object */;
}
